
Microsoft Visual Studio Solution File, Format Version 12.00
# Visual Studio 15
VisualStudioVersion = 15.0.28307.705
MinimumVisualStudioVersion = 10.0.40219.1
Project("{888888A0-9F3D-457C-B088-3A5042F75D52}") = "py-recipes", "py-recipes.pyproj", "{C7E02A18-6AEE-4F8E-8BED-C061A2A991A7}"
EndProject
Global
	GlobalSection(SolutionConfigurationPlatforms) = preSolution
		Debug|Any CPU = Debug|Any CPU
		Release|Any CPU = Release|Any CPU
	EndGlobalSection
	GlobalSection(ProjectConfigurationPlatforms) = postSolution
		{C7E02A18-6AEE-4F8E-8BED-C061A2A991A7}.Debug|Any CPU.ActiveCfg = Debug|Any CPU
		{C7E02A18-6AEE-4F8E-8BED-C061A2A991A7}.Release|Any CPU.ActiveCfg = Release|Any CPU
	EndGlobalSection
	GlobalSection(SolutionProperties) = preSolution
		HideSolutionNode = FALSE
	EndGlobalSection
	GlobalSection(ExtensibilityGlobals) = postSolution
		SolutionGuid = {DE9526C9-C797-49D5-81A3-B082998B547C}
	EndGlobalSection
EndGlobal
